
Microsoft Visual Studio Solution File, Format Version 12.00
# Visual Studio Version 17
VisualStudioVersion = 17.10.34916.146
MinimumVisualStudioVersion = 10.0.40219.1
Project("{8BC9CEB8-8B4A-11D0-8D11-00A0C91BC942}") = "ComputationalGeometryAlgorithms", "Project1\Project1.vcxproj", "{AE1EBF4B-9B38-4CDA-9516-56DD83ED4846}"
EndProject
Project("{8BC9CEB8-8B4A-11D0-8D11-00A0C91BC942}") = "PolygonIntersections", "PolygonIntersections\PolygonIntersections.vcxproj", "{C1A264D5-0221-4E51-8A4A-6A56FB20985B}"
EndProject
Project("{8BC9CEB8-8B4A-11D0-8D11-00A0C91BC942}") = "RayTracer", "RayTracer\RayTracer.vcxproj", "{33DC1C6A-2E49-4225-97C9-62D6E61F43A6}"
EndProject
Global
	GlobalSection(SolutionConfigurationPlatforms) = preSolution
		Debug|x64 = Debug|x64
		Debug|x86 = Debug|x86
		Release|x64 = Release|x64
		Release|x86 = Release|x86
	EndGlobalSection
	GlobalSection(ProjectConfigurationPlatforms) = postSolution
		{AE1EBF4B-9B38-4CDA-9516-56DD83ED4846}.Debug|x64.ActiveCfg = Debug|x64
		{AE1EBF4B-9B38-4CDA-9516-56DD83ED4846}.Debug|x64.Build.0 = Debug|x64
		{AE1EBF4B-9B38-4CDA-9516-56DD83ED4846}.Debug|x86.ActiveCfg = Debug|Win32
		{AE1EBF4B-9B38-4CDA-9516-56DD83ED4846}.Debug|x86.Build.0 = Debug|Win32
		{AE1EBF4B-9B38-4CDA-9516-56DD83ED4846}.Release|x64.ActiveCfg = Release|x64
		{AE1EBF4B-9B38-4CDA-9516-56DD83ED4846}.Release|x64.Build.0 = Release|x64
		{AE1EBF4B-9B38-4CDA-9516-56DD83ED4846}.Release|x86.ActiveCfg = Release|Win32
		{AE1EBF4B-9B38-4CDA-9516-56DD83ED4846}.Release|x86.Build.0 = Release|Win32
		{C1A264D5-0221-4E51-8A4A-6A56FB20985B}.Debug|x64.ActiveCfg = Debug|x64
		{C1A264D5-0221-4E51-8A4A-6A56FB20985B}.Debug|x64.Build.0 = Debug|x64
		{C1A264D5-0221-4E51-8A4A-6A56FB20985B}.Debug|x86.ActiveCfg = Debug|Win32
		{C1A264D5-0221-4E51-8A4A-6A56FB20985B}.Debug|x86.Build.0 = Debug|Win32
		{C1A264D5-0221-4E51-8A4A-6A56FB20985B}.Release|x64.ActiveCfg = Release|x64
		{C1A264D5-0221-4E51-8A4A-6A56FB20985B}.Release|x64.Build.0 = Release|x64
		{C1A264D5-0221-4E51-8A4A-6A56FB20985B}.Release|x86.ActiveCfg = Release|Win32
		{C1A264D5-0221-4E51-8A4A-6A56FB20985B}.Release|x86.Build.0 = Release|Win32
		{33DC1C6A-2E49-4225-97C9-62D6E61F43A6}.Debug|x64.ActiveCfg = Debug|x64
		{33DC1C6A-2E49-4225-97C9-62D6E61F43A6}.Debug|x64.Build.0 = Debug|x64
		{33DC1C6A-2E49-4225-97C9-62D6E61F43A6}.Debug|x86.ActiveCfg = Debug|Win32
		{33DC1C6A-2E49-4225-97C9-62D6E61F43A6}.Debug|x86.Build.0 = Debug|Win32
		{33DC1C6A-2E49-4225-97C9-62D6E61F43A6}.Release|x64.ActiveCfg = Release|x64
		{33DC1C6A-2E49-4225-97C9-62D6E61F43A6}.Release|x64.Build.0 = Release|x64
		{33DC1C6A-2E49-4225-97C9-62D6E61F43A6}.Release|x86.ActiveCfg = Release|Win32
		{33DC1C6A-2E49-4225-97C9-62D6E61F43A6}.Release|x86.Build.0 = Release|Win32
	EndGlobalSection
	GlobalSection(SolutionProperties) = preSolution
		HideSolutionNode = FALSE
	EndGlobalSection
	GlobalSection(ExtensibilityGlobals) = postSolution
		SolutionGuid = {79B73E9C-9167-4B6F-8B41-E296D3D351A9}
	EndGlobalSection
EndGlobal
